
Microsoft Visual Studio Solution File, Format Version 12.00
# Visual Studio 15
VisualStudioVersion = 15.0.28307.421
MinimumVisualStudioVersion = 10.0.40219.1
Project("{FAE04EC0-301F-11D3-BF4B-00C04F79EFBC}") = "DrunkMice", "DrunkMice\DrunkMice.csproj", "{CF7A1D27-0A58-4AE1-A00B-9DAFBFA7ED7A}"
EndProject
Global
	GlobalSection(SolutionConfigurationPlatforms) = preSolution
		Debug|Any CPU = Debug|Any CPU
		Release|Any CPU = Release|Any CPU
	EndGlobalSection
	GlobalSection(ProjectConfigurationPlatforms) = postSolution
		{CF7A1D27-0A58-4AE1-A00B-9DAFBFA7ED7A}.Debug|Any CPU.ActiveCfg = Debug|Any CPU
		{CF7A1D27-0A58-4AE1-A00B-9DAFBFA7ED7A}.Debug|Any CPU.Build.0 = Debug|Any CPU
		{CF7A1D27-0A58-4AE1-A00B-9DAFBFA7ED7A}.Release|Any CPU.ActiveCfg = Release|Any CPU
		{CF7A1D27-0A58-4AE1-A00B-9DAFBFA7ED7A}.Release|Any CPU.Build.0 = Release|Any CPU
	EndGlobalSection
	GlobalSection(SolutionProperties) = preSolution
		HideSolutionNode = FALSE
	EndGlobalSection
	GlobalSection(ExtensibilityGlobals) = postSolution
		SolutionGuid = {BE9C5B87-8993-4B13-A859-05EC1BFE5987}
	EndGlobalSection
EndGlobal
